{
  "version": 4,
  "terraform_version": "1.2.9",
  "serial": 3176,
  "lineage": "8e184b6d-244e-6ab9-2d54-36bfcf6c2d49",
  "outputs": {},
  "resources": [
    {
      "mode": "managed",
      "type": "pagerduty_business_service",
      "name": "pdcommerce_core_business",
      "provider": "provider[\"registry.terraform.io/pagerduty/pagerduty\"]",
      "instances": [
        {
          "schema_version": 0,
          "attributes": {
            "description": "Core Business Services",
            "html_url": "",
            "id": "PIJ24BI",
            "name": "PD Commerce Core Business",
            "point_of_contact": "it_management",
            "self": "https://api.pagerduty.com/business_services/PIJ24BI",
            "summary": "PD Commerce Core Business",
            "team": null,
            "type": "business_service"
          },
          "sensitive_attributes": [],
          "private": "bnVsbA=="
        }
      ]
    },
    {
      "mode": "managed",
      "type": "pagerduty_escalation_policy",
      "name": "operations",
      "provider": "provider[\"registry.terraform.io/pagerduty/pagerduty\"]",
      "instances": [
        {
          "schema_version": 0,
          "attributes": {
            "description": "Managed by Terraform",
            "id": "PJRRUND",
            "name": "Operations (EP)",
            "num_loops": 3,
            "rule": [
              {
                "escalation_delay_in_minutes": 15,
                "id": "P88ZGAW",
                "target": [
                  {
                    "id": "PUVNL9H",
                    "type": "schedule_reference"
                  }
                ]
              },
              {
                "escalation_delay_in_minutes": 30,
                "id": "P4ZOFL6",
                "target": [
                  {
                    "id": "PBDJMBX",
                    "type": "schedule_reference"
                  }
                ]
              },
              {
                "escalation_delay_in_minutes": 60,
                "id": "P100F8G",
                "target": [
                  {
                    "id": "PKHGZE5",
                    "type": "user_reference"
                  },
                  {
                    "id": "PY4YLM7",
                    "type": "schedule_reference"
                  }
                ]
              }
            ],
            "teams": [
              "PAW5FIN"
            ]
          },
          "sensitive_attributes": [],
          "private": "bnVsbA==",
          "dependencies": [
            "pagerduty_schedule.it_management",
            "pagerduty_schedule.operations_level_1",
            "pagerduty_schedule.operations_level_2",
            "pagerduty_team.operations",
            "pagerduty_user.paul_miller",
            "pagerduty_user.ronald_green"
          ]
        }
      ]
    },
    {
      "mode": "managed",
      "type": "pagerduty_schedule",
      "name": "it_management",
      "provider": "provider[\"registry.terraform.io/pagerduty/pagerduty\"]",
      "instances": [
        {
          "schema_version": 0,
          "attributes": {
            "description": "Managed by Terraform",
            "final_schedule": [
              {
                "name": "Final Schedule",
                "rendered_coverage_percentage": "0.00"
              }
            ],
            "id": "PY4YLM7",
            "layer": [
              {
                "end": "",
                "id": "P71W4I6",
                "name": "Daily Rotation",
                "rendered_coverage_percentage": "0.00",
                "restriction": [],
                "rotation_turn_length_seconds": 86400,
                "rotation_virtual_start": "2020-06-21T07:00:00+01:00",
                "start": "2022-11-09T08:30:18+00:00",
                "users": [
                  "PKHGZE5",
                  "PEVUKGX"
                ]
              }
            ],
            "name": "IT Management Schedule",
            "overflow": null,
            "teams": [
              "PXYPL7M",
              "PAW5FIN",
              "PHEEHN0"
            ],
            "time_zone": "Europe/London"
          },
          "sensitive_attributes": [],
          "private": "bnVsbA==",
          "dependencies": [
            "pagerduty_user.paul_miller",
            "pagerduty_user.ronald_green"
          ]
        }
      ]
    },
    {
      "mode": "managed",
      "type": "pagerduty_schedule",
      "name": "operations_level_1",
      "provider": "provider[\"registry.terraform.io/pagerduty/pagerduty\"]",
      "instances": [
        {
          "schema_version": 0,
          "attributes": {
            "description": "Managed by Terraform",
            "final_schedule": [
              {
                "name": "Final Schedule",
                "rendered_coverage_percentage": "0.00"
              }
            ],
            "id": "PUVNL9H",
            "layer": [
              {
                "end": "",
                "id": "PIC63DA",
                "name": "Weekly Rotation",
                "rendered_coverage_percentage": "0.00",
                "restriction": [],
                "rotation_turn_length_seconds": 604800,
                "rotation_virtual_start": "2020-06-21T07:00:00+01:00",
                "start": "2022-11-09T08:30:18+00:00",
                "users": [
                  "PEVUKGX"
                ]
              }
            ],
            "name": "Operations Schedule (L1)",
            "overflow": null,
            "teams": [
              "PAW5FIN"
            ],
            "time_zone": "Europe/London"
          },
          "sensitive_attributes": [],
          "private": "bnVsbA==",
          "dependencies": [
            "pagerduty_user.paul_miller"
          ]
        }
      ]
    },
    {
      "mode": "managed",
      "type": "pagerduty_schedule",
      "name": "operations_level_2",
      "provider": "provider[\"registry.terraform.io/pagerduty/pagerduty\"]",
      "instances": [
        {
          "schema_version": 0,
          "attributes": {
            "description": "Managed by Terraform",
            "final_schedule": [
              {
                "name": "Final Schedule",
                "rendered_coverage_percentage": "0.00"
              }
            ],
            "id": "PBDJMBX",
            "layer": [
              {
                "end": "",
                "id": "PUJT6M9",
                "name": "Weekly Rotation",
                "rendered_coverage_percentage": "0.00",
                "restriction": [],
                "rotation_turn_length_seconds": 604800,
                "rotation_virtual_start": "2020-06-21T07:00:00+01:00",
                "start": "2022-11-09T08:30:18+00:00",
                "users": [
                  "PKHGZE5"
                ]
              }
            ],
            "name": "Operations Schedule (L2)",
            "overflow": null,
            "teams": [
              "PAW5FIN"
            ],
            "time_zone": "Europe/London"
          },
          "sensitive_attributes": [],
          "private": "bnVsbA==",
          "dependencies": [
            "pagerduty_user.ronald_green"
          ]
        }
      ]
    },
    {
      "mode": "managed",
      "type": "pagerduty_service",
      "name": "pdcommerce_cartservices",
      "provider": "provider[\"registry.terraform.io/pagerduty/pagerduty\"]",
      "instances": [
        {
          "schema_version": 0,
          "attributes": {
            "acknowledgement_timeout": "600",
            "alert_creation": "create_alerts_and_incidents",
            "alert_grouping": null,
            "alert_grouping_parameters": [],
            "alert_grouping_timeout": "null",
            "auto_pause_notifications_parameters": [],
            "auto_resolve_timeout": "14400",
            "created_at": "2022-11-08T15:36:56+00:00",
            "description": "Managed by Terraform",
            "escalation_policy": "PJRRUND",
            "html_url": "https://pdt-emea-partners.eu.pagerduty.com/service-directory/PAN8B3C",
            "id": "PAN8B3C",
            "incident_urgency_rule": [
              {
                "during_support_hours": [],
                "outside_support_hours": [],
                "type": "constant",
                "urgency": "severity_based"
              }
            ],
            "last_incident_timestamp": "",
            "name": "Cart Services",
            "response_play": null,
            "scheduled_actions": [],
            "status": "active",
            "support_hours": [],
            "type": "service"
          },
          "sensitive_attributes": [],
          "private": "bnVsbA==",
          "dependencies": [
            "pagerduty_escalation_policy.operations",
            "pagerduty_schedule.it_management",
            "pagerduty_schedule.operations_level_1",
            "pagerduty_schedule.operations_level_2",
            "pagerduty_team.operations",
            "pagerduty_user.paul_miller",
            "pagerduty_user.ronald_green"
          ]
        }
      ]
    },
    {
      "mode": "managed",
      "type": "pagerduty_service",
      "name": "pdcommerce_storage",
      "provider": "provider[\"registry.terraform.io/pagerduty/pagerduty\"]",
      "instances": [
        {
          "schema_version": 0,
          "attributes": {
            "acknowledgement_timeout": "600",
            "alert_creation": "create_alerts_and_incidents",
            "alert_grouping": null,
            "alert_grouping_parameters": [],
            "alert_grouping_timeout": "null",
            "auto_pause_notifications_parameters": [],
            "auto_resolve_timeout": "14400",
            "created_at": "2022-11-08T15:36:55+00:00",
            "description": "Managed by Terraform",
            "escalation_policy": "PJRRUND",
            "html_url": "https://pdt-emea-partners.eu.pagerduty.com/service-directory/PL55D7F",
            "id": "PL55D7F",
            "incident_urgency_rule": [
              {
                "during_support_hours": [],
                "outside_support_hours": [],
                "type": "constant",
                "urgency": "severity_based"
              }
            ],
            "last_incident_timestamp": "",
            "name": "Shared Storage Services",
            "response_play": null,
            "scheduled_actions": [],
            "status": "active",
            "support_hours": [],
            "type": "service"
          },
          "sensitive_attributes": [],
          "private": "bnVsbA==",
          "dependencies": [
            "pagerduty_escalation_policy.operations",
            "pagerduty_schedule.it_management",
            "pagerduty_schedule.operations_level_1",
            "pagerduty_schedule.operations_level_2",
            "pagerduty_team.operations",
            "pagerduty_user.paul_miller",
            "pagerduty_user.ronald_green"
          ]
        }
      ]
    },
    {
      "mode": "managed",
      "type": "pagerduty_service",
      "name": "pdcommerce_suggestions",
      "provider": "provider[\"registry.terraform.io/pagerduty/pagerduty\"]",
      "instances": [
        {
          "schema_version": 0,
          "attributes": {
            "acknowledgement_timeout": "600",
            "alert_creation": "create_alerts_and_incidents",
            "alert_grouping": null,
            "alert_grouping_parameters": [],
            "alert_grouping_timeout": "null",
            "auto_pause_notifications_parameters": [],
            "auto_resolve_timeout": "14400",
            "created_at": "2022-11-08T15:36:56+00:00",
            "description": "Managed by Terraform",
            "escalation_policy": "PJRRUND",
            "html_url": "https://pdt-emea-partners.eu.pagerduty.com/service-directory/PDJWBG2",
            "id": "PDJWBG2",
            "incident_urgency_rule": [
              {
                "during_support_hours": [],
                "outside_support_hours": [],
                "type": "constant",
                "urgency": "severity_based"
              }
            ],
            "last_incident_timestamp": "",
            "name": "Suggestions Service",
            "response_play": null,
            "scheduled_actions": [],
            "status": "active",
            "support_hours": [],
            "type": "service"
          },
          "sensitive_attributes": [],
          "private": "bnVsbA==",
          "dependencies": [
            "pagerduty_escalation_policy.operations",
            "pagerduty_schedule.it_management",
            "pagerduty_schedule.operations_level_1",
            "pagerduty_schedule.operations_level_2",
            "pagerduty_team.operations",
            "pagerduty_user.paul_miller",
            "pagerduty_user.ronald_green"
          ]
        }
      ]
    },
    {
      "mode": "managed",
      "type": "pagerduty_service_dependency",
      "name": "pdcommerce_core_business_3",
      "provider": "provider[\"registry.terraform.io/pagerduty/pagerduty\"]",
      "instances": [
        {
          "schema_version": 0,
          "attributes": {
            "dependency": [
              {
                "dependent_service": [
                  {
                    "id": "PIJ24BI",
                    "type": "business_service"
                  }
                ],
                "supporting_service": [
                  {
                    "id": "PAN8B3C",
                    "type": "service"
                  }
                ],
                "type": ""
              }
            ],
            "id": "D45IW8A9F1Y64COE4"
          },
          "sensitive_attributes": [],
          "private": "bnVsbA==",
          "dependencies": [
            "pagerduty_business_service.pdcommerce_core_business",
            "pagerduty_escalation_policy.operations",
            "pagerduty_schedule.it_management",
            "pagerduty_schedule.operations_level_1",
            "pagerduty_schedule.operations_level_2",
            "pagerduty_service.pdcommerce_cartservices",
            "pagerduty_team.operations",
            "pagerduty_user.paul_miller",
            "pagerduty_user.ronald_green"
          ]
        }
      ]
    },
    {
      "mode": "managed",
      "type": "pagerduty_service_dependency",
      "name": "pdcommerce_shared_services_4",
      "provider": "provider[\"registry.terraform.io/pagerduty/pagerduty\"]",
      "instances": [
        {
          "schema_version": 0,
          "attributes": {
            "dependency": [
              {
                "dependent_service": [
                  {
                    "id": "PDJWBG2",
                    "type": "service"
                  }
                ],
                "supporting_service": [
                  {
                    "id": "PL55D7F",
                    "type": "service"
                  }
                ],
                "type": ""
              }
            ],
            "id": "D45JZ5S5PCJVG9CAH"
          },
          "sensitive_attributes": [],
          "private": "bnVsbA==",
          "dependencies": [
            "pagerduty_escalation_policy.operations",
            "pagerduty_schedule.it_management",
            "pagerduty_schedule.operations_level_1",
            "pagerduty_schedule.operations_level_2",
            "pagerduty_service.pdcommerce_storage",
            "pagerduty_service.pdcommerce_suggestions",
            "pagerduty_team.operations",
            "pagerduty_user.paul_miller",
            "pagerduty_user.ronald_green"
          ]
        }
      ]
    },
    {
      "mode": "managed",
      "type": "pagerduty_team",
      "name": "it_management",
      "provider": "provider[\"registry.terraform.io/pagerduty/pagerduty\"]",
      "instances": [
        {
          "schema_version": 0,
          "attributes": {
            "description": "IT Management",
            "html_url": "https://pdt-emea-partners.eu.pagerduty.com/teams/PXYPL7M",
            "id": "PXYPL7M",
            "name": "IT Management",
            "parent": null
          },
          "sensitive_attributes": [],
          "private": "bnVsbA=="
        }
      ]
    },
    {
      "mode": "managed",
      "type": "pagerduty_team",
      "name": "operations",
      "provider": "provider[\"registry.terraform.io/pagerduty/pagerduty\"]",
      "instances": [
        {
          "schema_version": 0,
          "attributes": {
            "description": "24x7 Operations Team",
            "html_url": "https://pdt-emea-partners.eu.pagerduty.com/teams/PAW5FIN",
            "id": "PAW5FIN",
            "name": "Operations",
            "parent": null
          },
          "sensitive_attributes": [],
          "private": "bnVsbA=="
        }
      ]
    },
    {
      "mode": "managed",
      "type": "pagerduty_team",
      "name": "support",
      "provider": "provider[\"registry.terraform.io/pagerduty/pagerduty\"]",
      "instances": [
        {
          "schema_version": 0,
          "attributes": {
            "description": "Daytime Support Team",
            "html_url": "https://pdt-emea-partners.eu.pagerduty.com/teams/PHEEHN0",
            "id": "PHEEHN0",
            "name": "Support",
            "parent": null
          },
          "sensitive_attributes": [],
          "private": "bnVsbA=="
        }
      ]
    },
    {
      "mode": "managed",
      "type": "pagerduty_team_membership",
      "name": "ronald_green",
      "provider": "provider[\"registry.terraform.io/pagerduty/pagerduty\"]",
      "instances": [
        {
          "schema_version": 0,
          "attributes": {
            "id": "PKHGZE5:PXYPL7M",
            "role": "manager",
            "team_id": "PXYPL7M",
            "user_id": "PKHGZE5"
          },
          "sensitive_attributes": [],
          "private": "bnVsbA==",
          "dependencies": [
            "pagerduty_team.it_management",
            "pagerduty_user.ronald_green"
          ]
        }
      ]
    },
    {
      "mode": "managed",
      "type": "pagerduty_user",
      "name": "paul_miller",
      "provider": "provider[\"registry.terraform.io/pagerduty/pagerduty\"]",
      "instances": [
        {
          "schema_version": 0,
          "attributes": {
            "avatar_url": "https://secure.gravatar.com/avatar/5b5d76d05b95877af8cbfebe2de105c8.png?d=mm\u0026r=PG",
            "color": "green",
            "description": "Managed by Terraform",
            "email": "paul_miller@example.com",
            "html_url": "https://pdt-emea-partners.eu.pagerduty.com/users/PEVUKGX",
            "id": "PEVUKGX",
            "invitation_sent": true,
            "job_title": "",
            "name": "Paul Miller",
            "role": "limited_user",
            "teams": [
              "PAW5FIN",
              "PHEEHN0",
              "PXYPL7M"
            ],
            "time_zone": "Europe/London"
          },
          "sensitive_attributes": [],
          "private": "bnVsbA=="
        }
      ]
    },
    {
      "mode": "managed",
      "type": "pagerduty_user",
      "name": "ronald_green",
      "provider": "provider[\"registry.terraform.io/pagerduty/pagerduty\"]",
      "instances": [
        {
          "schema_version": 0,
          "attributes": {
            "avatar_url": "https://secure.gravatar.com/avatar/59c8d44ef8fb85417083c2751c65e89e.png?d=mm\u0026r=PG",
            "color": "red",
            "description": "Managed by Terraform",
            "email": "ronald_green@example.com",
            "html_url": "https://pdt-emea-partners.eu.pagerduty.com/users/PKHGZE5",
            "id": "PKHGZE5",
            "invitation_sent": true,
            "job_title": "",
            "name": "Ronald Green",
            "role": "admin",
            "teams": [
              "PAW5FIN",
              "PHEEHN0",
              "PXYPL7M"
            ],
            "time_zone": "Europe/London"
          },
          "sensitive_attributes": [],
          "private": "bnVsbA=="
        }
      ]
    }
  ]
}
